
Microsoft Visual Studio Solution File, Format Version 12.00
# Visual Studio 15
VisualStudioVersion = 15.0.27428.2015
MinimumVisualStudioVersion = 10.0.40219.1
Project("{FAE04EC0-301F-11D3-BF4B-00C04F79EFBC}") = "DM.PR.WEB", "DM.PR.WEB\DM.PR.WEB.csproj", "{722A0056-AFE0-428B-B536-B9342A54557B}"
	ProjectSection(ProjectDependencies) = postProject
		{95A397FD-0697-414D-8FD2-BEB133DF1823} = {95A397FD-0697-414D-8FD2-BEB133DF1823}
	EndProjectSection
EndProject
Project("{FAE04EC0-301F-11D3-BF4B-00C04F79EFBC}") = "DM.PR.Business", "DM.PR.Business\DM.PR.Business.csproj", "{B87D68FB-F222-4F46-88CC-6A396EACDDEC}"
EndProject
Project("{FAE04EC0-301F-11D3-BF4B-00C04F79EFBC}") = "DM.PR.Data", "DM.PR.Data\DM.PR.Data.csproj", "{95A397FD-0697-414D-8FD2-BEB133DF1823}"
	ProjectSection(ProjectDependencies) = postProject
		{9EF65058-B174-4A67-BAA7-3B153C82BCD0} = {9EF65058-B174-4A67-BAA7-3B153C82BCD0}
	EndProjectSection
EndProject
Project("{FAE04EC0-301F-11D3-BF4B-00C04F79EFBC}") = "DM.PR.Common", "DM.PR.Common\DM.PR.Common.csproj", "{82E0BF11-2D91-49CD-8F9F-CF81495B0717}"
EndProject
Project("{FAE04EC0-301F-11D3-BF4B-00C04F79EFBC}") = "DM.PR.Dependency", "DM.PR.Dependency\DM.PR.Dependency.csproj", "{972346C1-49B3-4196-8497-E286FD4F9C62}"
EndProject
Project("{FAE04EC0-301F-11D3-BF4B-00C04F79EFBC}") = "DM.AdvertisingService", "DM.AdvertisingService\DM.AdvertisingService.csproj", "{9EF65058-B174-4A67-BAA7-3B153C82BCD0}"
EndProject
Project("{FAE04EC0-301F-11D3-BF4B-00C04F79EFBC}") = "DM.PR.Business.Test", "DM.PR.Business.Test\DM.PR.Business.Test.csproj", "{3B47AB53-51DA-4641-BC29-F4E26645F556}"
EndProject
Global
	GlobalSection(SolutionConfigurationPlatforms) = preSolution
		Debug|Any CPU = Debug|Any CPU
		Release|Any CPU = Release|Any CPU
	EndGlobalSection
	GlobalSection(ProjectConfigurationPlatforms) = postSolution
		{722A0056-AFE0-428B-B536-B9342A54557B}.Debug|Any CPU.ActiveCfg = Debug|Any CPU
		{722A0056-AFE0-428B-B536-B9342A54557B}.Debug|Any CPU.Build.0 = Debug|Any CPU
		{722A0056-AFE0-428B-B536-B9342A54557B}.Release|Any CPU.ActiveCfg = Release|Any CPU
		{722A0056-AFE0-428B-B536-B9342A54557B}.Release|Any CPU.Build.0 = Release|Any CPU
		{B87D68FB-F222-4F46-88CC-6A396EACDDEC}.Debug|Any CPU.ActiveCfg = Debug|Any CPU
		{B87D68FB-F222-4F46-88CC-6A396EACDDEC}.Debug|Any CPU.Build.0 = Debug|Any CPU
		{B87D68FB-F222-4F46-88CC-6A396EACDDEC}.Release|Any CPU.ActiveCfg = Release|Any CPU
		{B87D68FB-F222-4F46-88CC-6A396EACDDEC}.Release|Any CPU.Build.0 = Release|Any CPU
		{95A397FD-0697-414D-8FD2-BEB133DF1823}.Debug|Any CPU.ActiveCfg = Debug|Any CPU
		{95A397FD-0697-414D-8FD2-BEB133DF1823}.Debug|Any CPU.Build.0 = Debug|Any CPU
		{95A397FD-0697-414D-8FD2-BEB133DF1823}.Release|Any CPU.ActiveCfg = Release|Any CPU
		{95A397FD-0697-414D-8FD2-BEB133DF1823}.Release|Any CPU.Build.0 = Release|Any CPU
		{82E0BF11-2D91-49CD-8F9F-CF81495B0717}.Debug|Any CPU.ActiveCfg = Debug|Any CPU
		{82E0BF11-2D91-49CD-8F9F-CF81495B0717}.Debug|Any CPU.Build.0 = Debug|Any CPU
		{82E0BF11-2D91-49CD-8F9F-CF81495B0717}.Release|Any CPU.ActiveCfg = Release|Any CPU
		{82E0BF11-2D91-49CD-8F9F-CF81495B0717}.Release|Any CPU.Build.0 = Release|Any CPU
		{972346C1-49B3-4196-8497-E286FD4F9C62}.Debug|Any CPU.ActiveCfg = Debug|Any CPU
		{972346C1-49B3-4196-8497-E286FD4F9C62}.Debug|Any CPU.Build.0 = Debug|Any CPU
		{972346C1-49B3-4196-8497-E286FD4F9C62}.Release|Any CPU.ActiveCfg = Release|Any CPU
		{972346C1-49B3-4196-8497-E286FD4F9C62}.Release|Any CPU.Build.0 = Release|Any CPU
		{9EF65058-B174-4A67-BAA7-3B153C82BCD0}.Debug|Any CPU.ActiveCfg = Debug|Any CPU
		{9EF65058-B174-4A67-BAA7-3B153C82BCD0}.Debug|Any CPU.Build.0 = Debug|Any CPU
		{9EF65058-B174-4A67-BAA7-3B153C82BCD0}.Release|Any CPU.ActiveCfg = Release|Any CPU
		{9EF65058-B174-4A67-BAA7-3B153C82BCD0}.Release|Any CPU.Build.0 = Release|Any CPU
		{3B47AB53-51DA-4641-BC29-F4E26645F556}.Debug|Any CPU.ActiveCfg = Debug|Any CPU
		{3B47AB53-51DA-4641-BC29-F4E26645F556}.Debug|Any CPU.Build.0 = Debug|Any CPU
		{3B47AB53-51DA-4641-BC29-F4E26645F556}.Release|Any CPU.ActiveCfg = Release|Any CPU
		{3B47AB53-51DA-4641-BC29-F4E26645F556}.Release|Any CPU.Build.0 = Release|Any CPU
	EndGlobalSection
	GlobalSection(SolutionProperties) = preSolution
		HideSolutionNode = FALSE
	EndGlobalSection
	GlobalSection(ExtensibilityGlobals) = postSolution
		SolutionGuid = {D101A0F0-CCED-481E-8F32-47DC1DF47E9B}
	EndGlobalSection
EndGlobal
